
Microsoft Visual Studio Solution File, Format Version 12.00
# Visual Studio Version 16
VisualStudioVersion = 16.0.30711.63
MinimumVisualStudioVersion = 10.0.40219.1
Project("{FAE04EC0-301F-11D3-BF4B-00C04F79EFBC}") = "WeatherBall", "WeatherBall\WeatherBall.csproj", "{5B259625-3346-4C5E-B5F5-89767C004DA9}"
EndProject
Global
	GlobalSection(SolutionConfigurationPlatforms) = preSolution
		Debug|Any CPU = Debug|Any CPU
		Release|Any CPU = Release|Any CPU
	EndGlobalSection
	GlobalSection(ProjectConfigurationPlatforms) = postSolution
		{5B259625-3346-4C5E-B5F5-89767C004DA9}.Debug|Any CPU.ActiveCfg = Debug|Any CPU
		{5B259625-3346-4C5E-B5F5-89767C004DA9}.Debug|Any CPU.Build.0 = Debug|Any CPU
		{5B259625-3346-4C5E-B5F5-89767C004DA9}.Release|Any CPU.ActiveCfg = Release|Any CPU
		{5B259625-3346-4C5E-B5F5-89767C004DA9}.Release|Any CPU.Build.0 = Release|Any CPU
	EndGlobalSection
	GlobalSection(SolutionProperties) = preSolution
		HideSolutionNode = FALSE
	EndGlobalSection
	GlobalSection(ExtensibilityGlobals) = postSolution
		SolutionGuid = {578D101E-5D33-4136-BF95-40C1264D510A}
	EndGlobalSection
EndGlobal
